// !$*UTF8*$!
{
	archiveVersion = 1;
	classes = {
	};
	objectVersion = 50;
	objects = {

/* Begin PBXBuildFile section */
		5810DA8025E1956A0054A846 /* AppDelegate.swift in Sources */ = {isa = PBXBuildFile; fileRef = 5810DA7F25E1956A0054A846 /* AppDelegate.swift */; };
		5810DA8225E1956A0054A846 /* SceneDelegate.swift in Sources */ = {isa = PBXBuildFile; fileRef = 5810DA8125E1956A0054A846 /* SceneDelegate.swift */; };
		5810DA8425E1956A0054A846 /* ViewController.swift in Sources */ = {isa = PBXBuildFile; fileRef = 5810DA8325E1956A0054A846 /* ViewController.swift */; };
		5810DA8725E1956A0054A846 /* Main.storyboard in Resources */ = {isa = PBXBuildFile; fileRef = 5810DA8525E1956A0054A846 /* Main.storyboard */; };
		5810DA8925E1956C0054A846 /* Assets.xcassets in Resources */ = {isa = PBXBuildFile; fileRef = 5810DA8825E1956C0054A846 /* Assets.xcassets */; };
		5810DA8C25E1956C0054A846 /* LaunchScreen.storyboard in Resources */ = {isa = PBXBuildFile; fileRef = 5810DA8A25E1956C0054A846 /* LaunchScreen.storyboard */; };
		5810DA9725E1956C0054A846 /* FlashcardsTests.swift in Sources */ = {isa = PBXBuildFile; fileRef = 5810DA9625E1956C0054A846 /* FlashcardsTests.swift */; };
		5810DAA225E1956C0054A846 /* FlashcardsUITests.swift in Sources */ = {isa = PBXBuildFile; fileRef = 5810DAA125E1956C0054A846 /* FlashcardsUITests.swift */; };
/* End PBXBuildFile section */

/* Begin PBXContainerItemProxy section */
		5810DA9325E1956C0054A846 /* PBXContainerItemProxy */ = {
			isa = PBXContainerItemProxy;
			containerPortal = 5810DA7425E195690054A846 /* Project object */;
			proxyType = 1;
			remoteGlobalIDString = 5810DA7B25E1956A0054A846;
			remoteInfo = Flashcards;
		};
		5810DA9E25E1956C0054A846 /* PBXContainerItemProxy */ = {
			isa = PBXContainerItemProxy;
			containerPortal = 5810DA7425E195690054A846 /* Project object */;
			proxyType = 1;
			remoteGlobalIDString = 5810DA7B25E1956A0054A846;
			remoteInfo = Flashcards;
		};
/* End PBXContainerItemProxy section */

/* Begin PBXFileReference section */
		5810DA7C25E1956A0054A846 /* Flashcards.app */ = {isa = PBXFileReference; explicitFileType = wrapper.application; includeInIndex = 0; path = Flashcards.app; sourceTree = BUILT_PRODUCTS_DIR; };
		5810DA7F25E1956A0054A846 /* AppDelegate.swift */ = {isa = PBXFileReference; lastKnownFileType = sourcecode.swift; path = AppDelegate.swift; sourceTree = "<group>"; };
		5810DA8125E1956A0054A846 /* SceneDelegate.swift */ = {isa = PBXFileReference; lastKnownFileType = sourcecode.swift; path = SceneDelegate.swift; sourceTree = "<group>"; };
		5810DA8325E1956A0054A846 /* ViewController.swift */ = {isa = PBXFileReference; lastKnownFileType = sourcecode.swift; path = ViewController.swift; sourceTree = "<group>"; };
		5810DA8625E1956A0054A846 /* Base */ = {isa = PBXFileReference; lastKnownFileType = file.storyboard; name = Base; path = Base.lproj/Main.storyboard; sourceTree = "<group>"; };
		5810DA8825E1956C0054A846 /* Assets.xcassets */ = {isa = PBXFileReference; lastKnownFileType = folder.assetcatalog; path = Assets.xcassets; sourceTree = "<group>"; };
		5810DA8B25E1956C0054A846 /* Base */ = {isa = PBXFileReference; lastKnownFileType = file.storyboard; name = Base; path = Base.lproj/LaunchScreen.storyboard; sourceTree = "<group>"; };
		5810DA8D25E1956C0054A846 /* Info.plist */ = {isa = PBXFileReference; lastKnownFileType = text.plist.xml; path = Info.plist; sourceTree = "<group>"; };
		5810DA9225E1956C0054A846 /* FlashcardsTests.xctest */ = {isa = PBXFileReference; explicitFileType = wrapper.cfbundle; includeInIndex = 0; path = FlashcardsTests.xctest; sourceTree = BUILT_PRODUCTS_DIR; };
		5810DA9625E1956C0054A846 /* FlashcardsTests.swift */ = {isa = PBXFileReference; lastKnownFileType = sourcecode.swift; path = FlashcardsTests.swift; sourceTree = "<group>"; };
		5810DA9825E1956C0054A846 /* Info.plist */ = {isa = PBXFileReference; lastKnownFileType = text.plist.xml; path = Info.plist; sourceTree = "<group>"; };
		5810DA9D25E1956C0054A846 /* FlashcardsUITests.xctest */ = {isa = PBXFileReference; explicitFileType = wrapper.cfbundle; includeInIndex = 0; path = FlashcardsUITests.xctest; sourceTree = BUILT_PRODUCTS_DIR; };
		5810DAA125E1956C0054A846 /* FlashcardsUITests.swift */ = {isa = PBXFileReference; lastKnownFileType = sourcecode.swift; path = FlashcardsUITests.swift; sourceTree = "<group>"; };
		5810DAA325E1956C0054A846 /* Info.plist */ = {isa = PBXFileReference; lastKnownFileType = text.plist.xml; path = Info.plist; sourceTree = "<group>"; };
/* End PBXFileReference section */

/* Begin PBXFrameworksBuildPhase section */
		5810DA7925E1956A0054A846 /* Frameworks */ = {
			isa = PBXFrameworksBuildPhase;
			buildActionMask = 2147483647;
			files = (
			);
			runOnlyForDeploymentPostprocessing = 0;
		};
		5810DA8F25E1956C0054A846 /* Frameworks */ = {
			isa = PBXFrameworksBuildPhase;
			buildActionMask = 2147483647;
			files = (
			);
			runOnlyForDeploymentPostprocessing = 0;
		};
		5810DA9A25E1956C0054A846 /* Frameworks */ = {
			isa = PBXFrameworksBuildPhase;
			buildActionMask = 2147483647;
			files = (
			);
			runOnlyForDeploymentPostprocessing = 0;
		};
/* End PBXFrameworksBuildPhase section */

/* Begin PBXGroup section */
		5810DA7325E195690054A846 = {
			isa = PBXGroup;
			children = (
				5810DA7E25E1956A0054A846 /* Flashcards */,
				5810DA9525E1956C0054A846 /* FlashcardsTests */,
				5810DAA025E1956C0054A846 /* FlashcardsUITests */,
				5810DA7D25E1956A0054A846 /* Products */,
			);
			sourceTree = "<group>";
		};
		5810DA7D25E1956A0054A846 /* Products */ = {
			isa = PBXGroup;
			children = (
				5810DA7C25E1956A0054A846 /* Flashcards.app */,
				5810DA9225E1956C0054A846 /* FlashcardsTests.xctest */,
				5810DA9D25E1956C0054A846 /* FlashcardsUITests.xctest */,
			);
			name = Products;
			sourceTree = "<group>";
		};
		5810DA7E25E1956A0054A846 /* Flashcards */ = {
			isa = PBXGroup;
			children = (
				5810DA7F25E1956A0054A846 /* AppDelegate.swift */,
				5810DA8125E1956A0054A846 /* SceneDelegate.swift */,
				5810DA8325E1956A0054A846 /* ViewController.swift */,
				5810DA8525E1956A0054A846 /* Main.storyboard */,
				5810DA8825E1956C0054A846 /* Assets.xcassets */,
				5810DA8A25E1956C0054A846 /* LaunchScreen.storyboard */,
				5810DA8D25E1956C0054A846 /* Info.plist */,
			);
			path = Flashcards;
			sourceTree = "<group>";
		};
		5810DA9525E1956C0054A846 /* FlashcardsTests */ = {
			isa = PBXGroup;
			children = (
				5810DA9625E1956C0054A846 /* FlashcardsTests.swift */,
				5810DA9825E1956C0054A846 /* Info.plist */,
			);
			path = FlashcardsTests;
			sourceTree = "<group>";
		};
		5810DAA025E1956C0054A846 /* FlashcardsUITests */ = {
			isa = PBXGroup;
			children = (
				5810DAA125E1956C0054A846 /* FlashcardsUITests.swift */,
				5810DAA325E1956C0054A846 /* Info.plist */,
			);
			path = FlashcardsUITests;
			sourceTree = "<group>";
		};
/* End PBXGroup section */

/* Begin PBXNativeTarget section */
		5810DA7B25E1956A0054A846 /* Flashcards */ = {
			isa = PBXNativeTarget;
			buildConfigurationList = 5810DAA625E1956C0054A846 /* Build configuration list for PBXNativeTarget "Flashcards" */;
			buildPhases = (
				5810DA7825E1956A0054A846 /* Sources */,
				5810DA7925E1956A0054A846 /* Frameworks */,
				5810DA7A25E1956A0054A846 /* Resources */,
			);
			buildRules = (
			);
			dependencies = (
			);
			name = Flashcards;
			productName = Flashcards;
			productReference = 5810DA7C25E1956A0054A846 /* Flashcards.app */;
			productType = "com.apple.product-type.application";
		};
		5810DA9125E1956C0054A846 /* FlashcardsTests */ = {
			isa = PBXNativeTarget;
			buildConfigurationList = 5810DAA925E1956C0054A846 /* Build configuration list for PBXNativeTarget "FlashcardsTests" */;
			buildPhases = (
				5810DA8E25E1956C0054A846 /* Sources */,
				5810DA8F25E1956C0054A846 /* Frameworks */,
				5810DA9025E1956C0054A846 /* Resources */,
			);
			buildRules = (
			);
			dependencies = (
				5810DA9425E1956C0054A846 /* PBXTargetDependency */,
			);
			name = FlashcardsTests;
			productName = FlashcardsTests;
			productReference = 5810DA9225E1956C0054A846 /* FlashcardsTests.xctest */;
			productType = "com.apple.product-type.bundle.unit-test";
		};
		5810DA9C25E1956C0054A846 /* FlashcardsUITests */ = {
			isa = PBXNativeTarget;
			buildConfigurationList = 5810DAAC25E1956C0054A846 /* Build configuration list for PBXNativeTarget "FlashcardsUITests" */;
			buildPhases = (
				5810DA9925E1956C0054A846 /* Sources */,
				5810DA9A25E1956C0054A846 /* Frameworks */,
				5810DA9B25E1956C0054A846 /* Resources */,
			);
			buildRules = (
			);
			dependencies = (
				5810DA9F25E1956C0054A846 /* PBXTargetDependency */,
			);
			name = FlashcardsUITests;
			productName = FlashcardsUITests;
			productReference = 5810DA9D25E1956C0054A846 /* FlashcardsUITests.xctest */;
			productType = "com.apple.product-type.bundle.ui-testing";
		};
/* End PBXNativeTarget section */

/* Begin PBXProject section */
		5810DA7425E195690054A846 /* Project object */ = {
			isa = PBXProject;
			attributes = {
				LastSwiftUpdateCheck = 1240;
				LastUpgradeCheck = 1240;
				TargetAttributes = {
					5810DA7B25E1956A0054A846 = {
						CreatedOnToolsVersion = 12.4;
					};
					5810DA9125E1956C0054A846 = {
						CreatedOnToolsVersion = 12.4;
						TestTargetID = 5810DA7B25E1956A0054A846;
					};
					5810DA9C25E1956C0054A846 = {
						CreatedOnToolsVersion = 12.4;
						TestTargetID = 5810DA7B25E1956A0054A846;
					};
				};
			};
			buildConfigurationList = 5810DA7725E195690054A846 /* Build configuration list for PBXProject "Flashcards" */;
			compatibilityVersion = "Xcode 9.3";
			developmentRegion = en;
			hasScannedForEncodings = 0;
			knownRegions = (
				en,
				Base,
			);
			mainGroup = 5810DA7325E195690054A846;
			productRefGroup = 5810DA7D25E1956A0054A846 /* Products */;
			projectDirPath = "";
			projectRoot = "";
			targets = (
				5810DA7B25E1956A0054A846 /* Flashcards */,
				5810DA9125E1956C0054A846 /* FlashcardsTests */,
				5810DA9C25E1956C0054A846 /* FlashcardsUITests */,
			);
		};
/* End PBXProject section */

/* Begin PBXResourcesBuildPhase section */
		5810DA7A25E1956A0054A846 /* Resources */ = {
			isa = PBXResourcesBuildPhase;
			buildActionMask = 2147483647;
			files = (
				5810DA8C25E1956C0054A846 /* LaunchScreen.storyboard in Resources */,
				5810DA8925E1956C0054A846 /* Assets.xcassets in Resources */,
				5810DA8725E1956A0054A846 /* Main.storyboard in Resources */,
			);
			runOnlyForDeploymentPostprocessing = 0;
		};
		5810DA9025E1956C0054A846 /* Resources */ = {
			isa = PBXResourcesBuildPhase;
			buildActionMask = 2147483647;
			files = (
			);
			runOnlyForDeploymentPostprocessing = 0;
		};
		5810DA9B25E1956C0054A846 /* Resources */ = {
			isa = PBXResourcesBuildPhase;
			buildActionMask = 2147483647;
			files = (
			);
			runOnlyForDeploymentPostprocessing = 0;
		};
/* End PBXResourcesBuildPhase section */

/* Begin PBXSourcesBuildPhase section */
		5810DA7825E1956A0054A846 /* Sources */ = {
			isa = PBXSourcesBuildPhase;
			buildActionMask = 2147483647;
			files = (
				5810DA8425E1956A0054A846 /* ViewController.swift in Sources */,
				5810DA8025E1956A0054A846 /* AppDelegate.swift in Sources */,
				5810DA8225E1956A0054A846 /* SceneDelegate.swift in Sources */,
			);
			runOnlyForDeploymentPostprocessing = 0;
		};
		5810DA8E25E1956C0054A846 /* Sources */ = {
			isa = PBXSourcesBuildPhase;
			buildActionMask = 2147483647;
			files = (
				5810DA9725E1956C0054A846 /* FlashcardsTests.swift in Sources */,
			);
			runOnlyForDeploymentPostprocessing = 0;
		};
		5810DA9925E1956C0054A846 /* Sources */ = {
			isa = PBXSourcesBuildPhase;
			buildActionMask = 2147483647;
			files = (
				5810DAA225E1956C0054A846 /* FlashcardsUITests.swift in Sources */,
			);
			runOnlyForDeploymentPostprocessing = 0;
		};
/* End PBXSourcesBuildPhase section */

/* Begin PBXTargetDependency section */
		5810DA9425E1956C0054A846 /* PBXTargetDependency */ = {
			isa = PBXTargetDependency;
			target = 5810DA7B25E1956A0054A846 /* Flashcards */;
			targetProxy = 5810DA9325E1956C0054A846 /* PBXContainerItemProxy */;
		};
		5810DA9F25E1956C0054A846 /* PBXTargetDependency */ = {
			isa = PBXTargetDependency;
			target = 5810DA7B25E1956A0054A846 /* Flashcards */;
			targetProxy = 5810DA9E25E1956C0054A846 /* PBXContainerItemProxy */;
		};
/* End PBXTargetDependency section */

/* Begin PBXVariantGroup section */
		5810DA8525E1956A0054A846 /* Main.storyboard */ = {
			isa = PBXVariantGroup;
			children = (
				5810DA8625E1956A0054A846 /* Base */,
			);
			name = Main.storyboard;
			sourceTree = "<group>";
		};
		5810DA8A25E1956C0054A846 /* LaunchScreen.storyboard */ = {
			isa = PBXVariantGroup;
			children = (
				5810DA8B25E1956C0054A846 /* Base */,
			);
			name = LaunchScreen.storyboard;
			sourceTree = "<group>";
		};
/* End PBXVariantGroup section */

/* Begin XCBuildConfiguration section */
		5810DAA425E1956C0054A846 /* Debug */ = {
			isa = XCBuildConfiguration;
			buildSettings = {
				ALWAYS_SEARCH_USER_PATHS = NO;
				CLANG_ANALYZER_NONNULL = YES;
				CLANG_ANALYZER_NUMBER_OBJECT_CONVERSION = YES_AGGRESSIVE;
				CLANG_CXX_LANGUAGE_STANDARD = "gnu++14";
				CLANG_CXX_LIBRARY = "libc++";
				CLANG_ENABLE_MODULES = YES;
				CLANG_ENABLE_OBJC_ARC = YES;
				CLANG_ENABLE_OBJC_WEAK = YES;
				CLANG_WARN_BLOCK_CAPTURE_AUTORELEASING = YES;
				CLANG_WARN_BOOL_CONVERSION = YES;
				CLANG_WARN_COMMA = YES;
				CLANG_WARN_CONSTANT_CONVERSION = YES;
				CLANG_WARN_DEPRECATED_OBJC_IMPLEMENTATIONS = YES;
				CLANG_WARN_DIRECT_OBJC_ISA_USAGE = YES_ERROR;
				CLANG_WARN_DOCUMENTATION_COMMENTS = YES;
				CLANG_WARN_EMPTY_BODY = YES;
				CLANG_WARN_ENUM_CONVERSION = YES;
				CLANG_WARN_INFINITE_RECURSION = YES;
				CLANG_WARN_INT_CONVERSION = YES;
				CLANG_WARN_NON_LITERAL_NULL_CONVERSION = YES;
				CLANG_WARN_OBJC_IMPLICIT_RETAIN_SELF = YES;
				CLANG_WARN_OBJC_LITERAL_CONVERSION = YES;
				CLANG_WARN_OBJC_ROOT_CLASS = YES_ERROR;
				CLANG_WARN_QUOTED_INCLUDE_IN_FRAMEWORK_HEADER = YES;
				CLANG_WARN_RANGE_LOOP_ANALYSIS = YES;
				CLANG_WARN_STRICT_PROTOTYPES = YES;
				CLANG_WARN_SUSPICIOUS_MOVE = YES;
				CLANG_WARN_UNGUARDED_AVAILABILITY = YES_AGGRESSIVE;
				CLANG_WARN_UNREACHABLE_CODE = YES;
				CLANG_WARN__DUPLICATE_METHOD_MATCH = YES;
				COPY_PHASE_STRIP = NO;
				DEBUG_INFORMATION_FORMAT = dwarf;
				ENABLE_STRICT_OBJC_MSGSEND = YES;
				ENABLE_TESTABILITY = YES;
				GCC_C_LANGUAGE_STANDARD = gnu11;
				GCC_DYNAMIC_NO_PIC = NO;
				GCC_NO_COMMON_BLOCKS = YES;
				GCC_OPTIMIZATION_LEVEL = 0;
				GCC_PREPROCESSOR_DEFINITIONS = (
					"DEBUG=1",
					"$(inherited)",
				);
				GCC_WARN_64_TO_32_BIT_CONVERSION = YES;
				GCC_WARN_ABOUT_RETURN_TYPE = YES_ERROR;
				GCC_WARN_UNDECLARED_SELECTOR = YES;
				GCC_WARN_UNINITIALIZED_AUTOS = YES_AGGRESSIVE;
				GCC_WARN_UNUSED_FUNCTION = YES;
				GCC_WARN_UNUSED_VARIABLE = YES;
				IPHONEOS_DEPLOYMENT_TARGET = 14.4;
				MTL_ENABLE_DEBUG_INFO = INCLUDE_SOURCE;
				MTL_FAST_MATH = YES;
				ONLY_ACTIVE_ARCH = YES;
				SDKROOT = iphoneos;
				SWIFT_ACTIVE_COMPILATION_CONDITIONS = DEBUG;
				SWIFT_OPTIMIZATION_LEVEL = "-Onone";
			};
			name = Debug;
		};
		5810DAA525E1956C0054A846 /* Release */ = {
			isa = XCBuildConfiguration;
			buildSettings = {
				ALWAYS_SEARCH_USER_PATHS = NO;
				CLANG_ANALYZER_NONNULL = YES;
				CLANG_ANALYZER_NUMBER_OBJECT_CONVERSION = YES_AGGRESSIVE;
				CLANG_CXX_LANGUAGE_STANDARD = "gnu++14";
				CLANG_CXX_LIBRARY = "libc++";
				CLANG_ENABLE_MODULES = YES;
				CLANG_ENABLE_OBJC_ARC = YES;
				CLANG_ENABLE_OBJC_WEAK = YES;
				CLANG_WARN_BLOCK_CAPTURE_AUTORELEASING = YES;
				CLANG_WARN_BOOL_CONVERSION = YES;
				CLANG_WARN_COMMA = YES;
				CLANG_WARN_CONSTANT_CONVERSION = YES;
				CLANG_WARN_DEPRECATED_OBJC_IMPLEMENTATIONS = YES;
				CLANG_WARN_DIRECT_OBJC_ISA_USAGE = YES_ERROR;
				CLANG_WARN_DOCUMENTATION_COMMENTS = YES;
				CLANG_WARN_EMPTY_BODY = YES;
				CLANG_WARN_ENUM_CONVERSION = YES;
				CLANG_WARN_INFINITE_RECURSION = YES;
				CLANG_WARN_INT_CONVERSION = YES;
				CLANG_WARN_NON_LITERAL_NULL_CONVERSION = YES;
				CLANG_WARN_OBJC_IMPLICIT_RETAIN_SELF = YES;
				CLANG_WARN_OBJC_LITERAL_CONVERSION = YES;
				CLANG_WARN_OBJC_ROOT_CLASS = YES_ERROR;
				CLANG_WARN_QUOTED_INCLUDE_IN_FRAMEWORK_HEADER = YES;
				CLANG_WARN_RANGE_LOOP_ANALYSIS = YES;
				CLANG_WARN_STRICT_PROTOTYPES = YES;
				CLANG_WARN_SUSPICIOUS_MOVE = YES;
				CLANG_WARN_UNGUARDED_AVAILABILITY = YES_AGGRESSIVE;
				CLANG_WARN_UNREACHABLE_CODE = YES;
				CLANG_WARN__DUPLICATE_METHOD_MATCH = YES;
				COPY_PHASE_STRIP = NO;
				DEBUG_INFORMATION_FORMAT = "dwarf-with-dsym";
				ENABLE_NS_ASSERTIONS = NO;
				ENABLE_STRICT_OBJC_MSGSEND = YES;
				GCC_C_LANGUAGE_STANDARD = gnu11;
				GCC_NO_COMMON_BLOCKS = YES;
				GCC_WARN_64_TO_32_BIT_CONVERSION = YES;
				GCC_WARN_ABOUT_RETURN_TYPE = YES_ERROR;
				GCC_WARN_UNDECLARED_SELECTOR = YES;
				GCC_WARN_UNINITIALIZED_AUTOS = YES_AGGRESSIVE;
				GCC_WARN_UNUSED_FUNCTION = YES;
				GCC_WARN_UNUSED_VARIABLE = YES;
				IPHONEOS_DEPLOYMENT_TARGET = 14.4;
				MTL_ENABLE_DEBUG_INFO = NO;
				MTL_FAST_MATH = YES;
				SDKROOT = iphoneos;
				SWIFT_COMPILATION_MODE = wholemodule;
				SWIFT_OPTIMIZATION_LEVEL = "-O";
				VALIDATE_PRODUCT = YES;
			};
			name = Release;
		};
		5810DAA725E1956C0054A846 /* Debug */ = {
			isa = XCBuildConfiguration;
			buildSettings = {
				ASSETCATALOG_COMPILER_APPICON_NAME = AppIcon;
				ASSETCATALOG_COMPILER_GLOBAL_ACCENT_COLOR_NAME = AccentColor;
				CODE_SIGN_STYLE = Automatic;
				DEVELOPMENT_TEAM = K6N8ZH9YV8;
				INFOPLIST_FILE = Flashcards/Info.plist;
				LD_RUNPATH_SEARCH_PATHS = (
					"$(inherited)",
					"@executable_path/Frameworks",
				);
				PRODUCT_BUNDLE_IDENTIFIER = com.lyneisha.Flashcards;
				PRODUCT_NAME = "$(TARGET_NAME)";
				SWIFT_VERSION = 5.0;
				TARGETED_DEVICE_FAMILY = "1,2";
			};
			name = Debug;
		};
		5810DAA825E1956C0054A846 /* Release */ = {
			isa = XCBuildConfiguration;
			buildSettings = {
				ASSETCATALOG_COMPILER_APPICON_NAME = AppIcon;
				ASSETCATALOG_COMPILER_GLOBAL_ACCENT_COLOR_NAME = AccentColor;
				CODE_SIGN_STYLE = Automatic;
				DEVELOPMENT_TEAM = K6N8ZH9YV8;
				INFOPLIST_FILE = Flashcards/Info.plist;
				LD_RUNPATH_SEARCH_PATHS = (
					"$(inherited)",
					"@executable_path/Frameworks",
				);
				PRODUCT_BUNDLE_IDENTIFIER = com.lyneisha.Flashcards;
				PRODUCT_NAME = "$(TARGET_NAME)";
				SWIFT_VERSION = 5.0;
				TARGETED_DEVICE_FAMILY = "1,2";
			};
			name = Release;
		};
		5810DAAA25E1956C0054A846 /* Debug */ = {
			isa = XCBuildConfiguration;
			buildSettings = {
				ALWAYS_EMBED_SWIFT_STANDARD_LIBRARIES = YES;
				BUNDLE_LOADER = "$(TEST_HOST)";
				CODE_SIGN_STYLE = Automatic;
				DEVELOPMENT_TEAM = K6N8ZH9YV8;
				INFOPLIST_FILE = FlashcardsTests/Info.plist;
				IPHONEOS_DEPLOYMENT_TARGET = 14.4;
				LD_RUNPATH_SEARCH_PATHS = (
					"$(inherited)",
					"@executable_path/Frameworks",
					"@loader_path/Frameworks",
				);
				PRODUCT_BUNDLE_IDENTIFIER = com.lyneisha.FlashcardsTests;
				PRODUCT_NAME = "$(TARGET_NAME)";
				SWIFT_VERSION = 5.0;
				TARGETED_DEVICE_FAMILY = "1,2";
				TEST_HOST = "$(BUILT_PRODUCTS_DIR)/Flashcards.app/Flashcards";
			};
			name = Debug;
		};
		5810DAAB25E1956C0054A846 /* Release */ = {
			isa = XCBuildConfiguration;
			buildSettings = {
				ALWAYS_EMBED_SWIFT_STANDARD_LIBRARIES = YES;
				BUNDLE_LOADER = "$(TEST_HOST)";
				CODE_SIGN_STYLE = Automatic;
				DEVELOPMENT_TEAM = K6N8ZH9YV8;
				INFOPLIST_FILE = FlashcardsTests/Info.plist;
				IPHONEOS_DEPLOYMENT_TARGET = 14.4;
				LD_RUNPATH_SEARCH_PATHS = (
					"$(inherited)",
					"@executable_path/Frameworks",
					"@loader_path/Frameworks",
				);
				PRODUCT_BUNDLE_IDENTIFIER = com.lyneisha.FlashcardsTests;
				PRODUCT_NAME = "$(TARGET_NAME)";
				SWIFT_VERSION = 5.0;
				TARGETED_DEVICE_FAMILY = "1,2";
				TEST_HOST = "$(BUILT_PRODUCTS_DIR)/Flashcards.app/Flashcards";
			};
			name = Release;
		};
		5810DAAD25E1956C0054A846 /* Debug */ = {
			isa = XCBuildConfiguration;
			buildSettings = {
				ALWAYS_EMBED_SWIFT_STANDARD_LIBRARIES = YES;
				CODE_SIGN_STYLE = Automatic;
				DEVELOPMENT_TEAM = K6N8ZH9YV8;
				INFOPLIST_FILE = FlashcardsUITests/Info.plist;
				LD_RUNPATH_SEARCH_PATHS = (
					"$(inherited)",
					"@executable_path/Frameworks",
					"@loader_path/Frameworks",
				);
				PRODUCT_BUNDLE_IDENTIFIER = com.lyneisha.FlashcardsUITests;
				PRODUCT_NAME = "$(TARGET_NAME)";
				SWIFT_VERSION = 5.0;
				TARGETED_DEVICE_FAMILY = "1,2";
				TEST_TARGET_NAME = Flashcards;
			};
			name = Debug;
		};
		5810DAAE25E1956C0054A846 /* Release */ = {
			isa = XCBuildConfiguration;
			buildSettings = {
				ALWAYS_EMBED_SWIFT_STANDARD_LIBRARIES = YES;
				CODE_SIGN_STYLE = Automatic;
				DEVELOPMENT_TEAM = K6N8ZH9YV8;
				INFOPLIST_FILE = FlashcardsUITests/Info.plist;
				LD_RUNPATH_SEARCH_PATHS = (
					"$(inherited)",
					"@executable_path/Frameworks",
					"@loader_path/Frameworks",
				);
				PRODUCT_BUNDLE_IDENTIFIER = com.lyneisha.FlashcardsUITests;
				PRODUCT_NAME = "$(TARGET_NAME)";
				SWIFT_VERSION = 5.0;
				TARGETED_DEVICE_FAMILY = "1,2";
				TEST_TARGET_NAME = Flashcards;
			};
			name = Release;
		};
/* End XCBuildConfiguration section */

/* Begin XCConfigurationList section */
		5810DA7725E195690054A846 /* Build configuration list for PBXProject "Flashcards" */ = {
			isa = XCConfigurationList;
			buildConfigurations = (
				5810DAA425E1956C0054A846 /* Debug */,
				5810DAA525E1956C0054A846 /* Release */,
			);
			defaultConfigurationIsVisible = 0;
			defaultConfigurationName = Release;
		};
		5810DAA625E1956C0054A846 /* Build configuration list for PBXNativeTarget "Flashcards" */ = {
			isa = XCConfigurationList;
			buildConfigurations = (
				5810DAA725E1956C0054A846 /* Debug */,
				5810DAA825E1956C0054A846 /* Release */,
			);
			defaultConfigurationIsVisible = 0;
			defaultConfigurationName = Release;
		};
		5810DAA925E1956C0054A846 /* Build configuration list for PBXNativeTarget "FlashcardsTests" */ = {
			isa = XCConfigurationList;
			buildConfigurations = (
				5810DAAA25E1956C0054A846 /* Debug */,
				5810DAAB25E1956C0054A846 /* Release */,
			);
			defaultConfigurationIsVisible = 0;
			defaultConfigurationName = Release;
		};
		5810DAAC25E1956C0054A846 /* Build configuration list for PBXNativeTarget "FlashcardsUITests" */ = {
			isa = XCConfigurationList;
			buildConfigurations = (
				5810DAAD25E1956C0054A846 /* Debug */,
				5810DAAE25E1956C0054A846 /* Release */,
			);
			defaultConfigurationIsVisible = 0;
			defaultConfigurationName = Release;
		};
/* End XCConfigurationList section */
	};
	rootObject = 5810DA7425E195690054A846 /* Project object */;
}
